
Microsoft Visual Studio Solution File, Format Version 12.00
# Visual Studio 15
VisualStudioVersion = 15.0.28307.168
MinimumVisualStudioVersion = 10.0.40219.1
Project("{FAE04EC0-301F-11D3-BF4B-00C04F79EFBC}") = "C-sharp_p126", "C-sharp_p126\C-sharp_p126.csproj", "{1DC9EB5D-7626-46AF-B301-89693598F159}"
EndProject
Global
	GlobalSection(SolutionConfigurationPlatforms) = preSolution
		Debug|Any CPU = Debug|Any CPU
		Release|Any CPU = Release|Any CPU
	EndGlobalSection
	GlobalSection(ProjectConfigurationPlatforms) = postSolution
		{1DC9EB5D-7626-46AF-B301-89693598F159}.Debug|Any CPU.ActiveCfg = Debug|Any CPU
		{1DC9EB5D-7626-46AF-B301-89693598F159}.Debug|Any CPU.Build.0 = Debug|Any CPU
		{1DC9EB5D-7626-46AF-B301-89693598F159}.Release|Any CPU.ActiveCfg = Release|Any CPU
		{1DC9EB5D-7626-46AF-B301-89693598F159}.Release|Any CPU.Build.0 = Release|Any CPU
	EndGlobalSection
	GlobalSection(SolutionProperties) = preSolution
		HideSolutionNode = FALSE
	EndGlobalSection
	GlobalSection(ExtensibilityGlobals) = postSolution
		SolutionGuid = {0368E767-5A4C-4634-953F-45DEED6975CA}
	EndGlobalSection
EndGlobal
